
Microsoft Visual Studio Solution File, Format Version 12.00
# Visual Studio Version 17
VisualStudioVersion = 17.9.34622.214
MinimumVisualStudioVersion = 10.0.40219.1
Project("{FAE04EC0-301F-11D3-BF4B-00C04F79EFBC}") = "KpblcNcUpdate", "KpblcNcUpdate\KpblcNcUpdate.csproj", "{1FBE74CE-9BF8-44FA-88D1-30F8CAF6B60B}"
EndProject
Global
	GlobalSection(SolutionConfigurationPlatforms) = preSolution
		Debug|Any CPU = Debug|Any CPU
		Release|Any CPU = Release|Any CPU
	EndGlobalSection
	GlobalSection(ProjectConfigurationPlatforms) = postSolution
		{1FBE74CE-9BF8-44FA-88D1-30F8CAF6B60B}.Debug|Any CPU.ActiveCfg = Debug|Any CPU
		{1FBE74CE-9BF8-44FA-88D1-30F8CAF6B60B}.Debug|Any CPU.Build.0 = Debug|Any CPU
		{1FBE74CE-9BF8-44FA-88D1-30F8CAF6B60B}.Release|Any CPU.ActiveCfg = Release|Any CPU
		{1FBE74CE-9BF8-44FA-88D1-30F8CAF6B60B}.Release|Any CPU.Build.0 = Release|Any CPU
	EndGlobalSection
	GlobalSection(SolutionProperties) = preSolution
		HideSolutionNode = FALSE
	EndGlobalSection
	GlobalSection(ExtensibilityGlobals) = postSolution
		SolutionGuid = {5B80EF14-05EC-4424-9D76-7AF0110C1EA2}
	EndGlobalSection
EndGlobal
